PODS:
  - Alamofire (5.10.2)
  - HandyJSON (5.0.2)
  - IBAnimatable (6.1.0)
  - Kingfisher (6.3.1)
  - RxCocoa (6.9.0):
    - RxRelay (= 6.9.0)
    - RxSwift (= 6.9.0)
  - RxRelay (6.9.0):
    - RxSwift (= 6.9.0)
  - RxSwift (6.9.0)
  - SQLite.swift (0.14.1):
    - SQLite.swift/standard (= 0.14.1)
  - SQLite.swift/standard (0.14.1)
  - SwiftTheme (0.6.4)
  - SwiftyJSON (5.0.1)

DEPENDENCIES:
  - Alamofire
  - HandyJSON
  - IBAnimatable
  - Kingfisher
  - RxCocoa
  - RxSwift
  - SQLite.swift
  - SwiftTheme
  - SwiftyJSON

SPEC REPOS:
  trunk:
    - Alamofire
    - HandyJSON
    - IBAnimatable
    - Kingfisher
    - RxCocoa
    - RxRelay
    - RxSwift
    - SQLite.swift
    - SwiftTheme
    - SwiftyJSON

SPEC CHECKSUMS:
  Alamofire: 7193b3b92c74a07f85569e1a6c4f4237291e7496
  HandyJSON: 9e4e236f5d2dbefad5155a77417bbea438201c03
  IBAnimatable: 99dddd4c0625884a301ba3ecbc1615f8a390368e
  Kingfisher: 016c8b653a35add51dd34a3aba36b580041acc74
  RxCocoa: ac16414696ae706516be3e1ab00fcce5bdc9be8a
  RxRelay: 6b0c930e5cef57d5fe2032571e5e65b78e3cbdb1
  RxSwift: 31649ace6aceeb422e16ff71c60804f9c3281ed9
  SQLite.swift: 2992550ebf3c5b268bf4352603e3df87d2a4ed72
  SwiftTheme: 007cbaf1f9e171caf6448a4657533e54c682b285
  SwiftyJSON: 2f33a42c6fbc52764d96f13368585094bfd8aa5e

PODFILE CHECKSUM: 8f5691786cea204afd93d149336b15933c00f0ef

COCOAPODS: 1.16.2
