PODS:
  - Alamofire (4.7.2)
  - HandyJSON (4.1.1)
  - IBAnimatable (5.1.0)
  - Kingfisher (4.8.0)
  - RxCocoa (4.2.0):
    - RxSwift (~> 4.0)
  - RxSwift (4.2.0)
  - SwiftTheme (0.4.1)
  - SwiftyJSON (4.1.0)

DEPENDENCIES:
  - Alamofire
  - HandyJSON
  - IBAnimatable
  - Kingfisher
  - RxCocoa
  - RxSwift
  - SwiftTheme
  - SwiftyJSON

SPEC REPOS:
  https://github.com/CocoaPods/Specs.git:
    - Alamofire
    - HandyJSON
    - IBAnimatable
    - Kingfisher
    - RxCocoa
    - RxSwift
    - SwiftTheme
    - SwiftyJSON

SPEC CHECKSUMS:
  Alamofire: e4fa87002c137ba2d8d634d2c51fabcda0d5c223
  HandyJSON: 3a3de917c4118767ffe41c29b5acba23409649f4
  IBAnimatable: dd81f8f22e9982b05e8ac50794e4c8988cc300f2
  Kingfisher: 976d828df2b24834c6a3f2fc4d82cdbd26552be1
  RxCocoa: 0b54909c902e1e581212a03e690bbd94032d8baa
  RxSwift: 99e10317ddfcc7fbe01356aafd118fde4a0be104
  SwiftTheme: 36d71c4eed4b2c401c782cf036e4586c749a8173
  SwiftyJSON: c29297daf073d2aa016295d5809cdd68045c39b3

PODFILE CHECKSUM: ad5de00715ba0d52455a7824c1db5610ed8466b4

COCOAPODS: 1.5.0
