// !$*UTF8*$!
{
	archiveVersion = 1;
	classes = {
	};
	objectVersion = 50;
	objects = {

/* Begin PBXBuildFile section */
		1EDF0AA9EA139E98B063997E /* Pods_news.framework in Frameworks */ = {isa = PBXBuildFile; fileRef = D8E006827767EFB8A5D5FA9C /* Pods_news.framework */; };
		84355B922108736F0065C6BA /* DLTMyCellModel.swift in Sources */ = {isa = PBXBuildFile; fileRef = 84355B912108736F0065C6BA /* DLTMyCellModel.swift */; };
		84355B9521096E7B0065C6BA /* DLTMyOtherCell.swift in Sources */ = {isa = PBXBuildFile; fileRef = 84355B9321096E7B0065C6BA /* DLTMyOtherCell.swift */; };
		84355B9621096E7B0065C6BA /* DLTMyOtherCell.xib in Resources */ = {isa = PBXBuildFile; fileRef = 84355B9421096E7B0065C6BA /* DLTMyOtherCell.xib */; };
		84355B992109A4050065C6BA /* DLTMyFirstSectionCell.swift in Sources */ = {isa = PBXBuildFile; fileRef = 84355B972109A4050065C6BA /* DLTMyFirstSectionCell.swift */; };
		84355B9A2109A4050065C6BA /* DLTMyFirstSectionCell.xib in Resources */ = {isa = PBXBuildFile; fileRef = 84355B982109A4050065C6BA /* DLTMyFirstSectionCell.xib */; };
		84355B9C2109B5AB0065C6BA /* UIView+extension.swift in Sources */ = {isa = PBXBuildFile; fileRef = 84355B9B2109B5AB0065C6BA /* UIView+extension.swift */; };
		84355B9E2109B6940065C6BA /* UITableView+Extension.swift in Sources */ = {isa = PBXBuildFile; fileRef = 84355B9D2109B6940065C6BA /* UITableView+Extension.swift */; };
		84355BA02109C1BF0065C6BA /* UICollectionView+Extension.swift in Sources */ = {isa = PBXBuildFile; fileRef = 84355B9F2109C1BF0065C6BA /* UICollectionView+Extension.swift */; };
		84355BA3210AB33A0065C6BA /* DLTMyConcernCollectionCell.swift in Sources */ = {isa = PBXBuildFile; fileRef = 84355BA1210AB33A0065C6BA /* DLTMyConcernCollectionCell.swift */; };
		84355BA4210AB33A0065C6BA /* DLTMyConcernCollectionCell.xib in Resources */ = {isa = PBXBuildFile; fileRef = 84355BA2210AB33A0065C6BA /* DLTMyConcernCollectionCell.xib */; };
		84355BA6210AEB4D0065C6BA /* NoLoginHeaderView.swift in Sources */ = {isa = PBXBuildFile; fileRef = 84355BA5210AEB4D0065C6BA /* NoLoginHeaderView.swift */; };
		84355BA8210AEB6E0065C6BA /* NoLoginHeaderView.xib in Resources */ = {isa = PBXBuildFile; fileRef = 84355BA7210AEB6E0065C6BA /* NoLoginHeaderView.xib */; };
		84580AE4210FFE5D006D5FA1 /* myTheme.swift in Sources */ = {isa = PBXBuildFile; fileRef = 84580AE3210FFE5D006D5FA1 /* myTheme.swift */; };
		84580AE721100747006D5FA1 /* default_theme.plist in Resources */ = {isa = PBXBuildFile; fileRef = 84580AE621100747006D5FA1 /* default_theme.plist */; };
		84580AE921100777006D5FA1 /* night_theme.plist in Resources */ = {isa = PBXBuildFile; fileRef = 84580AE821100777006D5FA1 /* night_theme.plist */; };
		84580AEB2117E540006D5FA1 /* DLTMyLoginViewController.swift in Sources */ = {isa = PBXBuildFile; fileRef = 84580AEA2117E540006D5FA1 /* DLTMyLoginViewController.swift */; };
		84580AED2117E607006D5FA1 /* DLTMyLoginViewController.storyboard in Resources */ = {isa = PBXBuildFile; fileRef = 84580AEC2117E607006D5FA1 /* DLTMyLoginViewController.storyboard */; };
		84580AEF211AC9DC006D5FA1 /* DLTMineSetViewController.swift in Sources */ = {isa = PBXBuildFile; fileRef = 84580AEE211AC9DC006D5FA1 /* DLTMineSetViewController.swift */; };
		84580AF1211AD129006D5FA1 /* settingPlist.plist in Resources */ = {isa = PBXBuildFile; fileRef = 84580AF0211AD129006D5FA1 /* settingPlist.plist */; };
		84580AF3211AD6B4006D5FA1 /* DLTSettingModel.swift in Sources */ = {isa = PBXBuildFile; fileRef = 84580AF2211AD6B4006D5FA1 /* DLTSettingModel.swift */; };
		84580AF6211AE073006D5FA1 /* DLTSettingCell.swift in Sources */ = {isa = PBXBuildFile; fileRef = 84580AF4211AE073006D5FA1 /* DLTSettingCell.swift */; };
		84580AF7211AE073006D5FA1 /* DLTSettingCell.xib in Resources */ = {isa = PBXBuildFile; fileRef = 84580AF5211AE073006D5FA1 /* DLTSettingCell.xib */; };
		84580AF92123C6D3006D5FA1 /* DLTOfflineDownController.swift in Sources */ = {isa = PBXBuildFile; fileRef = 84580AF82123C6D3006D5FA1 /* DLTOfflineDownController.swift */; };
		84580AFC2123C820006D5FA1 /* DLTOfflineDownLoadCell.swift in Sources */ = {isa = PBXBuildFile; fileRef = 84580AFA2123C820006D5FA1 /* DLTOfflineDownLoadCell.swift */; };
		84580AFD2123C820006D5FA1 /* DLTOfflineDownLoadCell.xib in Resources */ = {isa = PBXBuildFile; fileRef = 84580AFB2123C820006D5FA1 /* DLTOfflineDownLoadCell.xib */; };
		84580AFF21241C36006D5FA1 /* DLTHomeNewsTitle.swift in Sources */ = {isa = PBXBuildFile; fileRef = 84580AFE21241C36006D5FA1 /* DLTHomeNewsTitle.swift */; };
		848E9B1421339A0800A92104 /* SQLiteManager.swift in Sources */ = {isa = PBXBuildFile; fileRef = 848E9B1321339A0800A92104 /* SQLiteManager.swift */; };
		848E9B1621339A4500A92104 /* libsqlite3.0.tbd in Frameworks */ = {isa = PBXBuildFile; fileRef = 848E9B1521339A4500A92104 /* libsqlite3.0.tbd */; };
		84C397C42101873500BFB022 /* AppDelegate.swift in Sources */ = {isa = PBXBuildFile; fileRef = 84C397C32101873500BFB022 /* AppDelegate.swift */; };
		84C397C62101873500BFB022 /* ViewController.swift in Sources */ = {isa = PBXBuildFile; fileRef = 84C397C52101873500BFB022 /* ViewController.swift */; };
		84C397C92101873500BFB022 /* Main.storyboard in Resources */ = {isa = PBXBuildFile; fileRef = 84C397C72101873500BFB022 /* Main.storyboard */; };
		84C397CB2101873600BFB022 /* Assets.xcassets in Resources */ = {isa = PBXBuildFile; fileRef = 84C397CA2101873600BFB022 /* Assets.xcassets */; };
		84C397CE2101873600BFB022 /* LaunchScreen.storyboard in Resources */ = {isa = PBXBuildFile; fileRef = 84C397CC2101873600BFB022 /* LaunchScreen.storyboard */; };
		84C397D92101873600BFB022 /* newsTests.swift in Sources */ = {isa = PBXBuildFile; fileRef = 84C397D82101873600BFB022 /* newsTests.swift */; };
		84C397E42101873600BFB022 /* newsUITests.swift in Sources */ = {isa = PBXBuildFile; fileRef = 84C397E32101873600BFB022 /* newsUITests.swift */; };
		84C3980821018D5C00BFB022 /* DLTRootTabBarController.swift in Sources */ = {isa = PBXBuildFile; fileRef = 84C3980721018D5C00BFB022 /* DLTRootTabBarController.swift */; };
		84C3980A21018D8E00BFB022 /* DLTRootNavgationController.swift in Sources */ = {isa = PBXBuildFile; fileRef = 84C3980921018D8E00BFB022 /* DLTRootNavgationController.swift */; };
		84C3980C2101A66F00BFB022 /* DLTHomeViewController.swift in Sources */ = {isa = PBXBuildFile; fileRef = 84C3980B2101A66F00BFB022 /* DLTHomeViewController.swift */; };
		84C3980E2101ABB700BFB022 /* DLTVideoViewController.swift in Sources */ = {isa = PBXBuildFile; fileRef = 84C3980D2101ABB700BFB022 /* DLTVideoViewController.swift */; };
		84C398102101ABE200BFB022 /* DLTHuoShanViewController.swift in Sources */ = {isa = PBXBuildFile; fileRef = 84C3980F2101ABE200BFB022 /* DLTHuoShanViewController.swift */; };
		84C398122101ABF800BFB022 /* DLTMineViewController.swift in Sources */ = {isa = PBXBuildFile; fileRef = 84C398112101ABF800BFB022 /* DLTMineViewController.swift */; };
		84C398142101C43300BFB022 /* DLTTabBar.swift in Sources */ = {isa = PBXBuildFile; fileRef = 84C398132101C43300BFB022 /* DLTTabBar.swift */; };
		84C398172101E2A000BFB022 /* UIColor+Extension.swift in Sources */ = {isa = PBXBuildFile; fileRef = 84C398162101E2A000BFB022 /* UIColor+Extension.swift */; };
		84C3981921055F2B00BFB022 /* const.swift in Sources */ = {isa = PBXBuildFile; fileRef = 84C3981821055F2B00BFB022 /* const.swift */; };
		84C3981C2105727200BFB022 /* NetWorkTool.swift in Sources */ = {isa = PBXBuildFile; fileRef = 84C3981B2105727200BFB022 /* NetWorkTool.swift */; };
/* End PBXBuildFile section */

/* Begin PBXContainerItemProxy section */
		84C397D52101873600BFB022 /* PBXContainerItemProxy */ = {
			isa = PBXContainerItemProxy;
			containerPortal = 84C397B82101873500BFB022 /* Project object */;
			proxyType = 1;
			remoteGlobalIDString = 84C397BF2101873500BFB022;
			remoteInfo = news;
		};
		84C397E02101873600BFB022 /* PBXContainerItemProxy */ = {
			isa = PBXContainerItemProxy;
			containerPortal = 84C397B82101873500BFB022 /* Project object */;
			proxyType = 1;
			remoteGlobalIDString = 84C397BF2101873500BFB022;
			remoteInfo = news;
		};
/* End PBXContainerItemProxy section */

/* Begin PBXFileReference section */
		174E0F9A3F9FEA32872FBA56 /* Pods_newsTests.framework */ = {isa = PBXFileReference; explicitFileType = wrapper.framework; includeInIndex = 0; path = Pods_newsTests.framework; sourceTree = BUILT_PRODUCTS_DIR; };
		3E532F8E203C166ADB4E9FED /* Pods-news.debug.xcconfig */ = {isa = PBXFileReference; includeInIndex = 1; lastKnownFileType = text.xcconfig; name = "Pods-news.debug.xcconfig"; path = "Pods/Target Support Files/Pods-news/Pods-news.debug.xcconfig"; sourceTree = "<group>"; };
		4FE97D49BC384783FE353722 /* Pods_newsUITests.framework */ = {isa = PBXFileReference; explicitFileType = wrapper.framework; includeInIndex = 0; path = Pods_newsUITests.framework; sourceTree = BUILT_PRODUCTS_DIR; };
		84355B912108736F0065C6BA /* DLTMyCellModel.swift */ = {isa = PBXFileReference; lastKnownFileType = sourcecode.swift; path = DLTMyCellModel.swift; sourceTree = "<group>"; };
		84355B9321096E7B0065C6BA /* DLTMyOtherCell.swift */ = {isa = PBXFileReference; lastKnownFileType = sourcecode.swift; path = DLTMyOtherCell.swift; sourceTree = "<group>"; };
		84355B9421096E7B0065C6BA /* DLTMyOtherCell.xib */ = {isa = PBXFileReference; lastKnownFileType = file.xib; path = DLTMyOtherCell.xib; sourceTree = "<group>"; };
		84355B972109A4050065C6BA /* DLTMyFirstSectionCell.swift */ = {isa = PBXFileReference; lastKnownFileType = sourcecode.swift; path = DLTMyFirstSectionCell.swift; sourceTree = "<group>"; };
		84355B982109A4050065C6BA /* DLTMyFirstSectionCell.xib */ = {isa = PBXFileReference; lastKnownFileType = file.xib; path = DLTMyFirstSectionCell.xib; sourceTree = "<group>"; };
		84355B9B2109B5AB0065C6BA /* UIView+extension.swift */ = {isa = PBXFileReference; lastKnownFileType = sourcecode.swift; path = "UIView+extension.swift"; sourceTree = "<group>"; };
		84355B9D2109B6940065C6BA /* UITableView+Extension.swift */ = {isa = PBXFileReference; lastKnownFileType = sourcecode.swift; path = "UITableView+Extension.swift"; sourceTree = "<group>"; };
		84355B9F2109C1BF0065C6BA /* UICollectionView+Extension.swift */ = {isa = PBXFileReference; lastKnownFileType = sourcecode.swift; path = "UICollectionView+Extension.swift"; sourceTree = "<group>"; };
		84355BA1210AB33A0065C6BA /* DLTMyConcernCollectionCell.swift */ = {isa = PBXFileReference; lastKnownFileType = sourcecode.swift; path = DLTMyConcernCollectionCell.swift; sourceTree = "<group>"; };
		84355BA2210AB33A0065C6BA /* DLTMyConcernCollectionCell.xib */ = {isa = PBXFileReference; lastKnownFileType = file.xib; path = DLTMyConcernCollectionCell.xib; sourceTree = "<group>"; };
		84355BA5210AEB4D0065C6BA /* NoLoginHeaderView.swift */ = {isa = PBXFileReference; lastKnownFileType = sourcecode.swift; path = NoLoginHeaderView.swift; sourceTree = "<group>"; };
		84355BA7210AEB6E0065C6BA /* NoLoginHeaderView.xib */ = {isa = PBXFileReference; lastKnownFileType = file.xib; path = NoLoginHeaderView.xib; sourceTree = "<group>"; };
		84580AE3210FFE5D006D5FA1 /* myTheme.swift */ = {isa = PBXFileReference; lastKnownFileType = sourcecode.swift; path = myTheme.swift; sourceTree = "<group>"; };
		84580AE621100747006D5FA1 /* default_theme.plist */ = {isa = PBXFileReference; lastKnownFileType = text.plist.xml; path = default_theme.plist; sourceTree = "<group>"; };
		84580AE821100777006D5FA1 /* night_theme.plist */ = {isa = PBXFileReference; lastKnownFileType = text.plist.xml; path = night_theme.plist; sourceTree = "<group>"; };
		84580AEA2117E540006D5FA1 /* DLTMyLoginViewController.swift */ = {isa = PBXFileReference; lastKnownFileType = sourcecode.swift; path = DLTMyLoginViewController.swift; sourceTree = "<group>"; };
		84580AEC2117E607006D5FA1 /* DLTMyLoginViewController.storyboard */ = {isa = PBXFileReference; lastKnownFileType = file.storyboard; path = DLTMyLoginViewController.storyboard; sourceTree = "<group>"; };
		84580AEE211AC9DC006D5FA1 /* DLTMineSetViewController.swift */ = {isa = PBXFileReference; lastKnownFileType = sourcecode.swift; path = DLTMineSetViewController.swift; sourceTree = "<group>"; };
		84580AF0211AD129006D5FA1 /* settingPlist.plist */ = {isa = PBXFileReference; lastKnownFileType = text.plist.xml; path = settingPlist.plist; sourceTree = "<group>"; };
		84580AF2211AD6B4006D5FA1 /* DLTSettingModel.swift */ = {isa = PBXFileReference; lastKnownFileType = sourcecode.swift; path = DLTSettingModel.swift; sourceTree = "<group>"; };
		84580AF4211AE073006D5FA1 /* DLTSettingCell.swift */ = {isa = PBXFileReference; lastKnownFileType = sourcecode.swift; path = DLTSettingCell.swift; sourceTree = "<group>"; };
		84580AF5211AE073006D5FA1 /* DLTSettingCell.xib */ = {isa = PBXFileReference; lastKnownFileType = file.xib; path = DLTSettingCell.xib; sourceTree = "<group>"; };
		84580AF82123C6D3006D5FA1 /* DLTOfflineDownController.swift */ = {isa = PBXFileReference; lastKnownFileType = sourcecode.swift; path = DLTOfflineDownController.swift; sourceTree = "<group>"; };
		84580AFA2123C820006D5FA1 /* DLTOfflineDownLoadCell.swift */ = {isa = PBXFileReference; lastKnownFileType = sourcecode.swift; path = DLTOfflineDownLoadCell.swift; sourceTree = "<group>"; };
		84580AFB2123C820006D5FA1 /* DLTOfflineDownLoadCell.xib */ = {isa = PBXFileReference; lastKnownFileType = file.xib; path = DLTOfflineDownLoadCell.xib; sourceTree = "<group>"; };
		84580AFE21241C36006D5FA1 /* DLTHomeNewsTitle.swift */ = {isa = PBXFileReference; lastKnownFileType = sourcecode.swift; path = DLTHomeNewsTitle.swift; sourceTree = "<group>"; };
		848E9B1321339A0800A92104 /* SQLiteManager.swift */ = {isa = PBXFileReference; lastKnownFileType = sourcecode.swift; path = SQLiteManager.swift; sourceTree = "<group>"; };
		848E9B1521339A4500A92104 /* libsqlite3.0.tbd */ = {isa = PBXFileReference; lastKnownFileType = "sourcecode.text-based-dylib-definition"; name = libsqlite3.0.tbd; path = usr/lib/libsqlite3.0.tbd; sourceTree = SDKROOT; };
		84C397C02101873500BFB022 /* news.app */ = {isa = PBXFileReference; explicitFileType = wrapper.application; includeInIndex = 0; path = news.app; sourceTree = BUILT_PRODUCTS_DIR; };
		84C397C32101873500BFB022 /* AppDelegate.swift */ = {isa = PBXFileReference; lastKnownFileType = sourcecode.swift; path = AppDelegate.swift; sourceTree = "<group>"; };
		84C397C52101873500BFB022 /* ViewController.swift */ = {isa = PBXFileReference; lastKnownFileType = sourcecode.swift; path = ViewController.swift; sourceTree = "<group>"; };
		84C397C82101873500BFB022 /* Base */ = {isa = PBXFileReference; lastKnownFileType = file.storyboard; name = Base; path = Base.lproj/Main.storyboard; sourceTree = "<group>"; };
		84C397CA2101873600BFB022 /* Assets.xcassets */ = {isa = PBXFileReference; lastKnownFileType = folder.assetcatalog; path = Assets.xcassets; sourceTree = "<group>"; };
		84C397CD2101873600BFB022 /* Base */ = {isa = PBXFileReference; lastKnownFileType = file.storyboard; name = Base; path = Base.lproj/LaunchScreen.storyboard; sourceTree = "<group>"; };
		84C397CF2101873600BFB022 /* Info.plist */ = {isa = PBXFileReference; lastKnownFileType = text.plist.xml; path = Info.plist; sourceTree = "<group>"; };
		84C397D42101873600BFB022 /* newsTests.xctest */ = {isa = PBXFileReference; explicitFileType = wrapper.cfbundle; includeInIndex = 0; path = newsTests.xctest; sourceTree = BUILT_PRODUCTS_DIR; };
		84C397D82101873600BFB022 /* newsTests.swift */ = {isa = PBXFileReference; lastKnownFileType = sourcecode.swift; path = newsTests.swift; sourceTree = "<group>"; };
		84C397DA2101873600BFB022 /* Info.plist */ = {isa = PBXFileReference; lastKnownFileType = text.plist.xml; path = Info.plist; sourceTree = "<group>"; };
		84C397DF2101873600BFB022 /* newsUITests.xctest */ = {isa = PBXFileReference; explicitFileType = wrapper.cfbundle; includeInIndex = 0; path = newsUITests.xctest; sourceTree = BUILT_PRODUCTS_DIR; };
		84C397E32101873600BFB022 /* newsUITests.swift */ = {isa = PBXFileReference; lastKnownFileType = sourcecode.swift; path = newsUITests.swift; sourceTree = "<group>"; };
		84C397E52101873600BFB022 /* Info.plist */ = {isa = PBXFileReference; lastKnownFileType = text.plist.xml; path = Info.plist; sourceTree = "<group>"; };
		84C3980721018D5C00BFB022 /* DLTRootTabBarController.swift */ = {isa = PBXFileReference; lastKnownFileType = sourcecode.swift; path = DLTRootTabBarController.swift; sourceTree = "<group>"; };
		84C3980921018D8E00BFB022 /* DLTRootNavgationController.swift */ = {isa = PBXFileReference; lastKnownFileType = sourcecode.swift; path = DLTRootNavgationController.swift; sourceTree = "<group>"; };
		84C3980B2101A66F00BFB022 /* DLTHomeViewController.swift */ = {isa = PBXFileReference; lastKnownFileType = sourcecode.swift; path = DLTHomeViewController.swift; sourceTree = "<group>"; };
		84C3980D2101ABB700BFB022 /* DLTVideoViewController.swift */ = {isa = PBXFileReference; lastKnownFileType = sourcecode.swift; path = DLTVideoViewController.swift; sourceTree = "<group>"; };
		84C3980F2101ABE200BFB022 /* DLTHuoShanViewController.swift */ = {isa = PBXFileReference; lastKnownFileType = sourcecode.swift; path = DLTHuoShanViewController.swift; sourceTree = "<group>"; };
		84C398112101ABF800BFB022 /* DLTMineViewController.swift */ = {isa = PBXFileReference; lastKnownFileType = sourcecode.swift; path = DLTMineViewController.swift; sourceTree = "<group>"; };
		84C398132101C43300BFB022 /* DLTTabBar.swift */ = {isa = PBXFileReference; lastKnownFileType = sourcecode.swift; path = DLTTabBar.swift; sourceTree = "<group>"; };
		84C398162101E2A000BFB022 /* UIColor+Extension.swift */ = {isa = PBXFileReference; lastKnownFileType = sourcecode.swift; path = "UIColor+Extension.swift"; sourceTree = "<group>"; };
		84C3981821055F2B00BFB022 /* const.swift */ = {isa = PBXFileReference; lastKnownFileType = sourcecode.swift; path = const.swift; sourceTree = "<group>"; };
		84C3981B2105727200BFB022 /* NetWorkTool.swift */ = {isa = PBXFileReference; lastKnownFileType = sourcecode.swift; path = NetWorkTool.swift; sourceTree = "<group>"; };
		D68E1618B0AAB8A673E09480 /* Pods-news.release.xcconfig */ = {isa = PBXFileReference; includeInIndex = 1; lastKnownFileType = text.xcconfig; name = "Pods-news.release.xcconfig"; path = "Pods/Target Support Files/Pods-news/Pods-news.release.xcconfig"; sourceTree = "<group>"; };
		D8E006827767EFB8A5D5FA9C /* Pods_news.framework */ = {isa = PBXFileReference; explicitFileType = wrapper.framework; includeInIndex = 0; path = Pods_news.framework; sourceTree = BUILT_PRODUCTS_DIR; };
/* End PBXFileReference section */

/* Begin PBXFrameworksBuildPhase section */
		84C397BD2101873500BFB022 /* Frameworks */ = {
			isa = PBXFrameworksBuildPhase;
			buildActionMask = 2147483647;
			files = (
				848E9B1621339A4500A92104 /* libsqlite3.0.tbd in Frameworks */,
				1EDF0AA9EA139E98B063997E /* Pods_news.framework in Frameworks */,
			);
			runOnlyForDeploymentPostprocessing = 0;
		};
		84C397D12101873600BFB022 /* Frameworks */ = {
			isa = PBXFrameworksBuildPhase;
			buildActionMask = 2147483647;
			files = (
			);
			runOnlyForDeploymentPostprocessing = 0;
		};
		84C397DC2101873600BFB022 /* Frameworks */ = {
			isa = PBXFrameworksBuildPhase;
			buildActionMask = 2147483647;
			files = (
			);
			runOnlyForDeploymentPostprocessing = 0;
		};
/* End PBXFrameworksBuildPhase section */

/* Begin PBXGroup section */
		26C0E8C0D667E71AA5CBDB7B /* Pods */ = {
			isa = PBXGroup;
			children = (
				3E532F8E203C166ADB4E9FED /* Pods-news.debug.xcconfig */,
				D68E1618B0AAB8A673E09480 /* Pods-news.release.xcconfig */,
			);
			name = Pods;
			sourceTree = "<group>";
		};
		4AA1A674103BDD2BF5F92A2D /* Frameworks */ = {
			isa = PBXGroup;
			children = (
				848E9B1521339A4500A92104 /* libsqlite3.0.tbd */,
				D8E006827767EFB8A5D5FA9C /* Pods_news.framework */,
				174E0F9A3F9FEA32872FBA56 /* Pods_newsTests.framework */,
				4FE97D49BC384783FE353722 /* Pods_newsUITests.framework */,
			);
			name = Frameworks;
			sourceTree = "<group>";
		};
		84580AE5211006AA006D5FA1 /* Theme */ = {
			isa = PBXGroup;
			children = (
				84580AE621100747006D5FA1 /* default_theme.plist */,
				84580AE821100777006D5FA1 /* night_theme.plist */,
			);
			path = Theme;
			sourceTree = "<group>";
		};
		84C397B72101873500BFB022 = {
			isa = PBXGroup;
			children = (
				84C397C22101873500BFB022 /* news */,
				84C397D72101873600BFB022 /* newsTests */,
				84C397E22101873600BFB022 /* newsUITests */,
				84C397C12101873500BFB022 /* Products */,
				26C0E8C0D667E71AA5CBDB7B /* Pods */,
				4AA1A674103BDD2BF5F92A2D /* Frameworks */,
			);
			sourceTree = "<group>";
		};
		84C397C12101873500BFB022 /* Products */ = {
			isa = PBXGroup;
			children = (
				84C397C02101873500BFB022 /* news.app */,
				84C397D42101873600BFB022 /* newsTests.xctest */,
				84C397DF2101873600BFB022 /* newsUITests.xctest */,
			);
			name = Products;
			sourceTree = "<group>";
		};
		84C397C22101873500BFB022 /* news */ = {
			isa = PBXGroup;
			children = (
				84C397F121018CD400BFB022 /* Classes */,
				84C397C52101873500BFB022 /* ViewController.swift */,
				84C397C72101873500BFB022 /* Main.storyboard */,
				84C397CA2101873600BFB022 /* Assets.xcassets */,
				84C397CC2101873600BFB022 /* LaunchScreen.storyboard */,
			);
			path = news;
			sourceTree = "<group>";
		};
		84C397D72101873600BFB022 /* newsTests */ = {
			isa = PBXGroup;
			children = (
				84C397D82101873600BFB022 /* newsTests.swift */,
				84C397DA2101873600BFB022 /* Info.plist */,
			);
			path = newsTests;
			sourceTree = "<group>";
		};
		84C397E22101873600BFB022 /* newsUITests */ = {
			isa = PBXGroup;
			children = (
				84C397E32101873600BFB022 /* newsUITests.swift */,
				84C397E52101873600BFB022 /* Info.plist */,
			);
			path = newsUITests;
			sourceTree = "<group>";
		};
		84C397F121018CD400BFB022 /* Classes */ = {
			isa = PBXGroup;
			children = (
				84C397F221018CD400BFB022 /* Home */,
				84C397F621018CD400BFB022 /* Video */,
				84C397FA21018CD400BFB022 /* Huoshan */,
				84C397FE21018CD400BFB022 /* Others */,
				84C397FF21018CD400BFB022 /* Mine */,
				84C3980321018CD400BFB022 /* Main */,
			);
			path = Classes;
			sourceTree = "<group>";
		};
		84C397F221018CD400BFB022 /* Home */ = {
			isa = PBXGroup;
			children = (
				84C397F321018CD400BFB022 /* Controller */,
				84C397F421018CD400BFB022 /* Model */,
				84C397F521018CD400BFB022 /* View */,
			);
			path = Home;
			sourceTree = "<group>";
		};
		84C397F321018CD400BFB022 /* Controller */ = {
			isa = PBXGroup;
			children = (
				84C3980B2101A66F00BFB022 /* DLTHomeViewController.swift */,
			);
			path = Controller;
			sourceTree = "<group>";
		};
		84C397F421018CD400BFB022 /* Model */ = {
			isa = PBXGroup;
			children = (
				84580AFE21241C36006D5FA1 /* DLTHomeNewsTitle.swift */,
			);
			path = Model;
			sourceTree = "<group>";
		};
		84C397F521018CD400BFB022 /* View */ = {
			isa = PBXGroup;
			children = (
			);
			path = View;
			sourceTree = "<group>";
		};
		84C397F621018CD400BFB022 /* Video */ = {
			isa = PBXGroup;
			children = (
				84C397F721018CD400BFB022 /* Controller */,
				84C397F821018CD400BFB022 /* Model */,
				84C397F921018CD400BFB022 /* View */,
			);
			path = Video;
			sourceTree = "<group>";
		};
		84C397F721018CD400BFB022 /* Controller */ = {
			isa = PBXGroup;
			children = (
				84C3980D2101ABB700BFB022 /* DLTVideoViewController.swift */,
			);
			path = Controller;
			sourceTree = "<group>";
		};
		84C397F821018CD400BFB022 /* Model */ = {
			isa = PBXGroup;
			children = (
			);
			path = Model;
			sourceTree = "<group>";
		};
		84C397F921018CD400BFB022 /* View */ = {
			isa = PBXGroup;
			children = (
			);
			path = View;
			sourceTree = "<group>";
		};
		84C397FA21018CD400BFB022 /* Huoshan */ = {
			isa = PBXGroup;
			children = (
				84C397FB21018CD400BFB022 /* Controller */,
				84C397FC21018CD400BFB022 /* Model */,
				84C397FD21018CD400BFB022 /* View */,
			);
			path = Huoshan;
			sourceTree = "<group>";
		};
		84C397FB21018CD400BFB022 /* Controller */ = {
			isa = PBXGroup;
			children = (
				84C3980F2101ABE200BFB022 /* DLTHuoShanViewController.swift */,
			);
			path = Controller;
			sourceTree = "<group>";
		};
		84C397FC21018CD400BFB022 /* Model */ = {
			isa = PBXGroup;
			children = (
			);
			path = Model;
			sourceTree = "<group>";
		};
		84C397FD21018CD400BFB022 /* View */ = {
			isa = PBXGroup;
			children = (
			);
			path = View;
			sourceTree = "<group>";
		};
		84C397FE21018CD400BFB022 /* Others */ = {
			isa = PBXGroup;
			children = (
				84580AE5211006AA006D5FA1 /* Theme */,
				84C397C32101873500BFB022 /* AppDelegate.swift */,
				84C3981821055F2B00BFB022 /* const.swift */,
				84C397CF2101873600BFB022 /* Info.plist */,
				84580AF0211AD129006D5FA1 /* settingPlist.plist */,
			);
			path = Others;
			sourceTree = "<group>";
		};
		84C397FF21018CD400BFB022 /* Mine */ = {
			isa = PBXGroup;
			children = (
				84C3980021018CD400BFB022 /* Controller */,
				84C3980121018CD400BFB022 /* Model */,
				84C3980221018CD400BFB022 /* View */,
			);
			path = Mine;
			sourceTree = "<group>";
		};
		84C3980021018CD400BFB022 /* Controller */ = {
			isa = PBXGroup;
			children = (
				84C398112101ABF800BFB022 /* DLTMineViewController.swift */,
				84580AEA2117E540006D5FA1 /* DLTMyLoginViewController.swift */,
				84580AEC2117E607006D5FA1 /* DLTMyLoginViewController.storyboard */,
				84580AEE211AC9DC006D5FA1 /* DLTMineSetViewController.swift */,
				84580AF82123C6D3006D5FA1 /* DLTOfflineDownController.swift */,
			);
			path = Controller;
			sourceTree = "<group>";
		};
		84C3980121018CD400BFB022 /* Model */ = {
			isa = PBXGroup;
			children = (
				84355B912108736F0065C6BA /* DLTMyCellModel.swift */,
				84580AF2211AD6B4006D5FA1 /* DLTSettingModel.swift */,
			);
			path = Model;
			sourceTree = "<group>";
		};
		84C3980221018CD400BFB022 /* View */ = {
			isa = PBXGroup;
			children = (
				84355B9321096E7B0065C6BA /* DLTMyOtherCell.swift */,
				84355B9421096E7B0065C6BA /* DLTMyOtherCell.xib */,
				84355B972109A4050065C6BA /* DLTMyFirstSectionCell.swift */,
				84355B982109A4050065C6BA /* DLTMyFirstSectionCell.xib */,
				84355BA1210AB33A0065C6BA /* DLTMyConcernCollectionCell.swift */,
				84355BA2210AB33A0065C6BA /* DLTMyConcernCollectionCell.xib */,
				84355BA5210AEB4D0065C6BA /* NoLoginHeaderView.swift */,
				84355BA7210AEB6E0065C6BA /* NoLoginHeaderView.xib */,
				84580AF4211AE073006D5FA1 /* DLTSettingCell.swift */,
				84580AF5211AE073006D5FA1 /* DLTSettingCell.xib */,
				84580AFA2123C820006D5FA1 /* DLTOfflineDownLoadCell.swift */,
				84580AFB2123C820006D5FA1 /* DLTOfflineDownLoadCell.xib */,
			);
			path = View;
			sourceTree = "<group>";
		};
		84C3980321018CD400BFB022 /* Main */ = {
			isa = PBXGroup;
			children = (
				84C3981A2105723800BFB022 /* Tools */,
				84C398152101E25800BFB022 /* Extension */,
				84C3980421018CD400BFB022 /* Controller */,
				84C3980521018CD400BFB022 /* Model */,
				84C3980621018CD400BFB022 /* View */,
			);
			path = Main;
			sourceTree = "<group>";
		};
		84C3980421018CD400BFB022 /* Controller */ = {
			isa = PBXGroup;
			children = (
				84C3980721018D5C00BFB022 /* DLTRootTabBarController.swift */,
				84C3980921018D8E00BFB022 /* DLTRootNavgationController.swift */,
			);
			path = Controller;
			sourceTree = "<group>";
		};
		84C3980521018CD400BFB022 /* Model */ = {
			isa = PBXGroup;
			children = (
			);
			path = Model;
			sourceTree = "<group>";
		};
		84C3980621018CD400BFB022 /* View */ = {
			isa = PBXGroup;
			children = (
				84C398132101C43300BFB022 /* DLTTabBar.swift */,
			);
			path = View;
			sourceTree = "<group>";
		};
		84C398152101E25800BFB022 /* Extension */ = {
			isa = PBXGroup;
			children = (
				84C398162101E2A000BFB022 /* UIColor+Extension.swift */,
				84355B9B2109B5AB0065C6BA /* UIView+extension.swift */,
				84355B9D2109B6940065C6BA /* UITableView+Extension.swift */,
				84355B9F2109C1BF0065C6BA /* UICollectionView+Extension.swift */,
			);
			path = Extension;
			sourceTree = "<group>";
		};
		84C3981A2105723800BFB022 /* Tools */ = {
			isa = PBXGroup;
			children = (
				84C3981B2105727200BFB022 /* NetWorkTool.swift */,
				84580AE3210FFE5D006D5FA1 /* myTheme.swift */,
				848E9B1321339A0800A92104 /* SQLiteManager.swift */,
			);
			path = Tools;
			sourceTree = "<group>";
		};
/* End PBXGroup section */

/* Begin PBXNativeTarget section */
		84C397BF2101873500BFB022 /* news */ = {
			isa = PBXNativeTarget;
			buildConfigurationList = 84C397E82101873600BFB022 /* Build configuration list for PBXNativeTarget "news" */;
			buildPhases = (
				2614ACCA8352E83EB33F4F92 /* [CP] Check Pods Manifest.lock */,
				84C397BC2101873500BFB022 /* Sources */,
				84C397BD2101873500BFB022 /* Frameworks */,
				84C397BE2101873500BFB022 /* Resources */,
				D5E3DE779CB08F8E30294BDC /* [CP] Embed Pods Frameworks */,
			);
			buildRules = (
			);
			dependencies = (
			);
			name = news;
			productName = news;
			productReference = 84C397C02101873500BFB022 /* news.app */;
			productType = "com.apple.product-type.application";
		};
		84C397D32101873600BFB022 /* newsTests */ = {
			isa = PBXNativeTarget;
			buildConfigurationList = 84C397EB2101873600BFB022 /* Build configuration list for PBXNativeTarget "newsTests" */;
			buildPhases = (
				84C397D02101873600BFB022 /* Sources */,
				84C397D12101873600BFB022 /* Frameworks */,
				84C397D22101873600BFB022 /* Resources */,
			);
			buildRules = (
			);
			dependencies = (
				84C397D62101873600BFB022 /* PBXTargetDependency */,
			);
			name = newsTests;
			productName = newsTests;
			productReference = 84C397D42101873600BFB022 /* newsTests.xctest */;
			productType = "com.apple.product-type.bundle.unit-test";
		};
		84C397DE2101873600BFB022 /* newsUITests */ = {
			isa = PBXNativeTarget;
			buildConfigurationList = 84C397EE2101873600BFB022 /* Build configuration list for PBXNativeTarget "newsUITests" */;
			buildPhases = (
				84C397DB2101873600BFB022 /* Sources */,
				84C397DC2101873600BFB022 /* Frameworks */,
				84C397DD2101873600BFB022 /* Resources */,
			);
			buildRules = (
			);
			dependencies = (
				84C397E12101873600BFB022 /* PBXTargetDependency */,
			);
			name = newsUITests;
			productName = newsUITests;
			productReference = 84C397DF2101873600BFB022 /* newsUITests.xctest */;
			productType = "com.apple.product-type.bundle.ui-testing";
		};
/* End PBXNativeTarget section */

/* Begin PBXProject section */
		84C397B82101873500BFB022 /* Project object */ = {
			isa = PBXProject;
			attributes = {
				LastSwiftUpdateCheck = 0940;
				LastUpgradeCheck = 0940;
				ORGANIZATIONNAME = dl;
				TargetAttributes = {
					84C397BF2101873500BFB022 = {
						CreatedOnToolsVersion = 9.4.1;
					};
					84C397D32101873600BFB022 = {
						CreatedOnToolsVersion = 9.4.1;
						TestTargetID = 84C397BF2101873500BFB022;
					};
					84C397DE2101873600BFB022 = {
						CreatedOnToolsVersion = 9.4.1;
						TestTargetID = 84C397BF2101873500BFB022;
					};
				};
			};
			buildConfigurationList = 84C397BB2101873500BFB022 /* Build configuration list for PBXProject "news" */;
			compatibilityVersion = "Xcode 9.3";
			developmentRegion = en;
			hasScannedForEncodings = 0;
			knownRegions = (
				en,
				Base,
			);
			mainGroup = 84C397B72101873500BFB022;
			productRefGroup = 84C397C12101873500BFB022 /* Products */;
			projectDirPath = "";
			projectRoot = "";
			targets = (
				84C397BF2101873500BFB022 /* news */,
				84C397D32101873600BFB022 /* newsTests */,
				84C397DE2101873600BFB022 /* newsUITests */,
			);
		};
/* End PBXProject section */

/* Begin PBXResourcesBuildPhase section */
		84C397BE2101873500BFB022 /* Resources */ = {
			isa = PBXResourcesBuildPhase;
			buildActionMask = 2147483647;
			files = (
				84C397CE2101873600BFB022 /* LaunchScreen.storyboard in Resources */,
				84580AF7211AE073006D5FA1 /* DLTSettingCell.xib in Resources */,
				84C397CB2101873600BFB022 /* Assets.xcassets in Resources */,
				84580AED2117E607006D5FA1 /* DLTMyLoginViewController.storyboard in Resources */,
				84C397C92101873500BFB022 /* Main.storyboard in Resources */,
				84355BA4210AB33A0065C6BA /* DLTMyConcernCollectionCell.xib in Resources */,
				84580AF1211AD129006D5FA1 /* settingPlist.plist in Resources */,
				84355B9621096E7B0065C6BA /* DLTMyOtherCell.xib in Resources */,
				84355B9A2109A4050065C6BA /* DLTMyFirstSectionCell.xib in Resources */,
				84580AE921100777006D5FA1 /* night_theme.plist in Resources */,
				84580AE721100747006D5FA1 /* default_theme.plist in Resources */,
				84355BA8210AEB6E0065C6BA /* NoLoginHeaderView.xib in Resources */,
				84580AFD2123C820006D5FA1 /* DLTOfflineDownLoadCell.xib in Resources */,
			);
			runOnlyForDeploymentPostprocessing = 0;
		};
		84C397D22101873600BFB022 /* Resources */ = {
			isa = PBXResourcesBuildPhase;
			buildActionMask = 2147483647;
			files = (
			);
			runOnlyForDeploymentPostprocessing = 0;
		};
		84C397DD2101873600BFB022 /* Resources */ = {
			isa = PBXResourcesBuildPhase;
			buildActionMask = 2147483647;
			files = (
			);
			runOnlyForDeploymentPostprocessing = 0;
		};
/* End PBXResourcesBuildPhase section */

/* Begin PBXShellScriptBuildPhase section */
		2614ACCA8352E83EB33F4F92 /* [CP] Check Pods Manifest.lock */ = {
			isa = PBXShellScriptBuildPhase;
			buildActionMask = 2147483647;
			files = (
			);
			inputPaths = (
				"${PODS_PODFILE_DIR_PATH}/Podfile.lock",
				"${PODS_ROOT}/Manifest.lock",
			);
			name = "[CP] Check Pods Manifest.lock";
			outputPaths = (
				"$(DERIVED_FILE_DIR)/Pods-news-checkManifestLockResult.txt",
			);
			runOnlyForDeploymentPostprocessing = 0;
			shellPath = /bin/sh;
			shellScript = "diff \"${PODS_PODFILE_DIR_PATH}/Podfile.lock\" \"${PODS_ROOT}/Manifest.lock\" > /dev/null\nif [ $? != 0 ] ; then\n    # print error to STDERR\n    echo \"error: The sandbox is not in sync with the Podfile.lock. Run 'pod install' or update your CocoaPods installation.\" >&2\n    exit 1\nfi\n# This output is used by Xcode 'outputs' to avoid re-running this script phase.\necho \"SUCCESS\" > \"${SCRIPT_OUTPUT_FILE_0}\"\n";
			showEnvVarsInLog = 0;
		};
		D5E3DE779CB08F8E30294BDC /* [CP] Embed Pods Frameworks */ = {
			isa = PBXShellScriptBuildPhase;
			buildActionMask = 2147483647;
			files = (
			);
			inputFileListPaths = (
				"${PODS_ROOT}/Target Support Files/Pods-news/Pods-news-frameworks-${CONFIGURATION}-input-files.xcfilelist",
			);
			name = "[CP] Embed Pods Frameworks";
			outputFileListPaths = (
				"${PODS_ROOT}/Target Support Files/Pods-news/Pods-news-frameworks-${CONFIGURATION}-output-files.xcfilelist",
			);
			runOnlyForDeploymentPostprocessing = 0;
			shellPath = /bin/sh;
			shellScript = "\"${PODS_ROOT}/Target Support Files/Pods-news/Pods-news-frameworks.sh\"\n";
			showEnvVarsInLog = 0;
		};
/* End PBXShellScriptBuildPhase section */

/* Begin PBXSourcesBuildPhase section */
		84C397BC2101873500BFB022 /* Sources */ = {
			isa = PBXSourcesBuildPhase;
			buildActionMask = 2147483647;
			files = (
				84355BA02109C1BF0065C6BA /* UICollectionView+Extension.swift in Sources */,
				84C3981C2105727200BFB022 /* NetWorkTool.swift in Sources */,
				84C398142101C43300BFB022 /* DLTTabBar.swift in Sources */,
				84580AF3211AD6B4006D5FA1 /* DLTSettingModel.swift in Sources */,
				84355B9C2109B5AB0065C6BA /* UIView+extension.swift in Sources */,
				84C3980A21018D8E00BFB022 /* DLTRootNavgationController.swift in Sources */,
				84C398102101ABE200BFB022 /* DLTHuoShanViewController.swift in Sources */,
				84C398122101ABF800BFB022 /* DLTMineViewController.swift in Sources */,
				84355B9E2109B6940065C6BA /* UITableView+Extension.swift in Sources */,
				84580AE4210FFE5D006D5FA1 /* myTheme.swift in Sources */,
				84580AEF211AC9DC006D5FA1 /* DLTMineSetViewController.swift in Sources */,
				84355BA6210AEB4D0065C6BA /* NoLoginHeaderView.swift in Sources */,
				84C3981921055F2B00BFB022 /* const.swift in Sources */,
				84355BA3210AB33A0065C6BA /* DLTMyConcernCollectionCell.swift in Sources */,
				84C397C62101873500BFB022 /* ViewController.swift in Sources */,
				848E9B1421339A0800A92104 /* SQLiteManager.swift in Sources */,
				84C3980821018D5C00BFB022 /* DLTRootTabBarController.swift in Sources */,
				84C3980E2101ABB700BFB022 /* DLTVideoViewController.swift in Sources */,
				84355B992109A4050065C6BA /* DLTMyFirstSectionCell.swift in Sources */,
				84C3980C2101A66F00BFB022 /* DLTHomeViewController.swift in Sources */,
				84C397C42101873500BFB022 /* AppDelegate.swift in Sources */,
				84355B922108736F0065C6BA /* DLTMyCellModel.swift in Sources */,
				84580AFF21241C36006D5FA1 /* DLTHomeNewsTitle.swift in Sources */,
				84C398172101E2A000BFB022 /* UIColor+Extension.swift in Sources */,
				84580AF6211AE073006D5FA1 /* DLTSettingCell.swift in Sources */,
				84355B9521096E7B0065C6BA /* DLTMyOtherCell.swift in Sources */,
				84580AF92123C6D3006D5FA1 /* DLTOfflineDownController.swift in Sources */,
				84580AFC2123C820006D5FA1 /* DLTOfflineDownLoadCell.swift in Sources */,
				84580AEB2117E540006D5FA1 /* DLTMyLoginViewController.swift in Sources */,
			);
			runOnlyForDeploymentPostprocessing = 0;
		};
		84C397D02101873600BFB022 /* Sources */ = {
			isa = PBXSourcesBuildPhase;
			buildActionMask = 2147483647;
			files = (
				84C397D92101873600BFB022 /* newsTests.swift in Sources */,
			);
			runOnlyForDeploymentPostprocessing = 0;
		};
		84C397DB2101873600BFB022 /* Sources */ = {
			isa = PBXSourcesBuildPhase;
			buildActionMask = 2147483647;
			files = (
				84C397E42101873600BFB022 /* newsUITests.swift in Sources */,
			);
			runOnlyForDeploymentPostprocessing = 0;
		};
/* End PBXSourcesBuildPhase section */

/* Begin PBXTargetDependency section */
		84C397D62101873600BFB022 /* PBXTargetDependency */ = {
			isa = PBXTargetDependency;
			target = 84C397BF2101873500BFB022 /* news */;
			targetProxy = 84C397D52101873600BFB022 /* PBXContainerItemProxy */;
		};
		84C397E12101873600BFB022 /* PBXTargetDependency */ = {
			isa = PBXTargetDependency;
			target = 84C397BF2101873500BFB022 /* news */;
			targetProxy = 84C397E02101873600BFB022 /* PBXContainerItemProxy */;
		};
/* End PBXTargetDependency section */

/* Begin PBXVariantGroup section */
		84C397C72101873500BFB022 /* Main.storyboard */ = {
			isa = PBXVariantGroup;
			children = (
				84C397C82101873500BFB022 /* Base */,
			);
			name = Main.storyboard;
			sourceTree = "<group>";
		};
		84C397CC2101873600BFB022 /* LaunchScreen.storyboard */ = {
			isa = PBXVariantGroup;
			children = (
				84C397CD2101873600BFB022 /* Base */,
			);
			name = LaunchScreen.storyboard;
			sourceTree = "<group>";
		};
/* End PBXVariantGroup section */

/* Begin XCBuildConfiguration section */
		84C397E62101873600BFB022 /* Debug */ = {
			isa = XCBuildConfiguration;
			buildSettings = {
				ALWAYS_SEARCH_USER_PATHS = NO;
				CLANG_ANALYZER_NONNULL = YES;
				CLANG_ANALYZER_NUMBER_OBJECT_CONVERSION = YES_AGGRESSIVE;
				CLANG_CXX_LANGUAGE_STANDARD = "gnu++14";
				CLANG_CXX_LIBRARY = "libc++";
				CLANG_ENABLE_MODULES = YES;
				CLANG_ENABLE_OBJC_ARC = YES;
				CLANG_ENABLE_OBJC_WEAK = YES;
				CLANG_WARN_BLOCK_CAPTURE_AUTORELEASING = YES;
				CLANG_WARN_BOOL_CONVERSION = YES;
				CLANG_WARN_COMMA = YES;
				CLANG_WARN_CONSTANT_CONVERSION = YES;
				CLANG_WARN_DEPRECATED_OBJC_IMPLEMENTATIONS = YES;
				CLANG_WARN_DIRECT_OBJC_ISA_USAGE = YES_ERROR;
				CLANG_WARN_DOCUMENTATION_COMMENTS = YES;
				CLANG_WARN_EMPTY_BODY = YES;
				CLANG_WARN_ENUM_CONVERSION = YES;
				CLANG_WARN_INFINITE_RECURSION = YES;
				CLANG_WARN_INT_CONVERSION = YES;
				CLANG_WARN_NON_LITERAL_NULL_CONVERSION = YES;
				CLANG_WARN_OBJC_IMPLICIT_RETAIN_SELF = YES;
				CLANG_WARN_OBJC_LITERAL_CONVERSION = YES;
				CLANG_WARN_OBJC_ROOT_CLASS = YES_ERROR;
				CLANG_WARN_RANGE_LOOP_ANALYSIS = YES;
				CLANG_WARN_STRICT_PROTOTYPES = YES;
				CLANG_WARN_SUSPICIOUS_MOVE = YES;
				CLANG_WARN_UNGUARDED_AVAILABILITY = YES_AGGRESSIVE;
				CLANG_WARN_UNREACHABLE_CODE = YES;
				CLANG_WARN__DUPLICATE_METHOD_MATCH = YES;
				CODE_SIGN_IDENTITY = "iPhone Developer";
				COPY_PHASE_STRIP = NO;
				DEBUG_INFORMATION_FORMAT = dwarf;
				ENABLE_STRICT_OBJC_MSGSEND = YES;
				ENABLE_TESTABILITY = YES;
				GCC_C_LANGUAGE_STANDARD = gnu11;
				GCC_DYNAMIC_NO_PIC = NO;
				GCC_NO_COMMON_BLOCKS = YES;
				GCC_OPTIMIZATION_LEVEL = 0;
				GCC_PREPROCESSOR_DEFINITIONS = (
					"DEBUG=1",
					"$(inherited)",
				);
				GCC_WARN_64_TO_32_BIT_CONVERSION = YES;
				GCC_WARN_ABOUT_RETURN_TYPE = YES_ERROR;
				GCC_WARN_UNDECLARED_SELECTOR = YES;
				GCC_WARN_UNINITIALIZED_AUTOS = YES_AGGRESSIVE;
				GCC_WARN_UNUSED_FUNCTION = YES;
				GCC_WARN_UNUSED_VARIABLE = YES;
				IPHONEOS_DEPLOYMENT_TARGET = 11.4;
				MTL_ENABLE_DEBUG_INFO = YES;
				ONLY_ACTIVE_ARCH = YES;
				SDKROOT = iphoneos;
				SWIFT_ACTIVE_COMPILATION_CONDITIONS = DEBUG;
				SWIFT_OPTIMIZATION_LEVEL = "-Onone";
			};
			name = Debug;
		};
		84C397E72101873600BFB022 /* Release */ = {
			isa = XCBuildConfiguration;
			buildSettings = {
				ALWAYS_SEARCH_USER_PATHS = NO;
				CLANG_ANALYZER_NONNULL = YES;
				CLANG_ANALYZER_NUMBER_OBJECT_CONVERSION = YES_AGGRESSIVE;
				CLANG_CXX_LANGUAGE_STANDARD = "gnu++14";
				CLANG_CXX_LIBRARY = "libc++";
				CLANG_ENABLE_MODULES = YES;
				CLANG_ENABLE_OBJC_ARC = YES;
				CLANG_ENABLE_OBJC_WEAK = YES;
				CLANG_WARN_BLOCK_CAPTURE_AUTORELEASING = YES;
				CLANG_WARN_BOOL_CONVERSION = YES;
				CLANG_WARN_COMMA = YES;
				CLANG_WARN_CONSTANT_CONVERSION = YES;
				CLANG_WARN_DEPRECATED_OBJC_IMPLEMENTATIONS = YES;
				CLANG_WARN_DIRECT_OBJC_ISA_USAGE = YES_ERROR;
				CLANG_WARN_DOCUMENTATION_COMMENTS = YES;
				CLANG_WARN_EMPTY_BODY = YES;
				CLANG_WARN_ENUM_CONVERSION = YES;
				CLANG_WARN_INFINITE_RECURSION = YES;
				CLANG_WARN_INT_CONVERSION = YES;
				CLANG_WARN_NON_LITERAL_NULL_CONVERSION = YES;
				CLANG_WARN_OBJC_IMPLICIT_RETAIN_SELF = YES;
				CLANG_WARN_OBJC_LITERAL_CONVERSION = YES;
				CLANG_WARN_OBJC_ROOT_CLASS = YES_ERROR;
				CLANG_WARN_RANGE_LOOP_ANALYSIS = YES;
				CLANG_WARN_STRICT_PROTOTYPES = YES;
				CLANG_WARN_SUSPICIOUS_MOVE = YES;
				CLANG_WARN_UNGUARDED_AVAILABILITY = YES_AGGRESSIVE;
				CLANG_WARN_UNREACHABLE_CODE = YES;
				CLANG_WARN__DUPLICATE_METHOD_MATCH = YES;
				CODE_SIGN_IDENTITY = "iPhone Developer";
				COPY_PHASE_STRIP = NO;
				DEBUG_INFORMATION_FORMAT = "dwarf-with-dsym";
				ENABLE_NS_ASSERTIONS = NO;
				ENABLE_STRICT_OBJC_MSGSEND = YES;
				GCC_C_LANGUAGE_STANDARD = gnu11;
				GCC_NO_COMMON_BLOCKS = YES;
				GCC_WARN_64_TO_32_BIT_CONVERSION = YES;
				GCC_WARN_ABOUT_RETURN_TYPE = YES_ERROR;
				GCC_WARN_UNDECLARED_SELECTOR = YES;
				GCC_WARN_UNINITIALIZED_AUTOS = YES_AGGRESSIVE;
				GCC_WARN_UNUSED_FUNCTION = YES;
				GCC_WARN_UNUSED_VARIABLE = YES;
				IPHONEOS_DEPLOYMENT_TARGET = 11.4;
				MTL_ENABLE_DEBUG_INFO = NO;
				SDKROOT = iphoneos;
				SWIFT_COMPILATION_MODE = wholemodule;
				SWIFT_OPTIMIZATION_LEVEL = "-O";
				VALIDATE_PRODUCT = YES;
			};
			name = Release;
		};
		84C397E92101873600BFB022 /* Debug */ = {
			isa = XCBuildConfiguration;
			baseConfigurationReference = 3E532F8E203C166ADB4E9FED /* Pods-news.debug.xcconfig */;
			buildSettings = {
				ASSETCATALOG_COMPILER_APPICON_NAME = AppIcon;
				CODE_SIGN_STYLE = Automatic;
				DEVELOPMENT_TEAM = 6K8JTBT3MF;
				INFOPLIST_FILE = news/Classes/Others/Info.plist;
				LD_RUNPATH_SEARCH_PATHS = (
					"$(inherited)",
					"@executable_path/Frameworks",
				);
				PRODUCT_BUNDLE_IDENTIFIER = dongliang.news;
				PRODUCT_NAME = "$(TARGET_NAME)";
				SWIFT_VERSION = 4.0;
				TARGETED_DEVICE_FAMILY = 1;
			};
			name = Debug;
		};
		84C397EA2101873600BFB022 /* Release */ = {
			isa = XCBuildConfiguration;
			baseConfigurationReference = D68E1618B0AAB8A673E09480 /* Pods-news.release.xcconfig */;
			buildSettings = {
				ASSETCATALOG_COMPILER_APPICON_NAME = AppIcon;
				CODE_SIGN_STYLE = Automatic;
				DEVELOPMENT_TEAM = 6K8JTBT3MF;
				INFOPLIST_FILE = news/Classes/Others/Info.plist;
				LD_RUNPATH_SEARCH_PATHS = (
					"$(inherited)",
					"@executable_path/Frameworks",
				);
				PRODUCT_BUNDLE_IDENTIFIER = dongliang.news;
				PRODUCT_NAME = "$(TARGET_NAME)";
				SWIFT_VERSION = 4.0;
				TARGETED_DEVICE_FAMILY = 1;
			};
			name = Release;
		};
		84C397EC2101873600BFB022 /* Debug */ = {
			isa = XCBuildConfiguration;
			buildSettings = {
				ALWAYS_EMBED_SWIFT_STANDARD_LIBRARIES = YES;
				BUNDLE_LOADER = "$(TEST_HOST)";
				CODE_SIGN_STYLE = Automatic;
				DEVELOPMENT_TEAM = LM5Q92D783;
				INFOPLIST_FILE = newsTests/Info.plist;
				LD_RUNPATH_SEARCH_PATHS = (
					"$(inherited)",
					"@executable_path/Frameworks",
					"@loader_path/Frameworks",
				);
				PRODUCT_BUNDLE_IDENTIFIER = dongliang.newsTests;
				PRODUCT_NAME = "$(TARGET_NAME)";
				SWIFT_VERSION = 4.0;
				TARGETED_DEVICE_FAMILY = "1,2";
				TEST_HOST = "$(BUILT_PRODUCTS_DIR)/news.app/news";
			};
			name = Debug;
		};
		84C397ED2101873600BFB022 /* Release */ = {
			isa = XCBuildConfiguration;
			buildSettings = {
				ALWAYS_EMBED_SWIFT_STANDARD_LIBRARIES = YES;
				BUNDLE_LOADER = "$(TEST_HOST)";
				CODE_SIGN_STYLE = Automatic;
				DEVELOPMENT_TEAM = LM5Q92D783;
				INFOPLIST_FILE = newsTests/Info.plist;
				LD_RUNPATH_SEARCH_PATHS = (
					"$(inherited)",
					"@executable_path/Frameworks",
					"@loader_path/Frameworks",
				);
				PRODUCT_BUNDLE_IDENTIFIER = dongliang.newsTests;
				PRODUCT_NAME = "$(TARGET_NAME)";
				SWIFT_VERSION = 4.0;
				TARGETED_DEVICE_FAMILY = "1,2";
				TEST_HOST = "$(BUILT_PRODUCTS_DIR)/news.app/news";
			};
			name = Release;
		};
		84C397EF2101873600BFB022 /* Debug */ = {
			isa = XCBuildConfiguration;
			buildSettings = {
				ALWAYS_EMBED_SWIFT_STANDARD_LIBRARIES = YES;
				CODE_SIGN_STYLE = Automatic;
				DEVELOPMENT_TEAM = LM5Q92D783;
				INFOPLIST_FILE = newsUITests/Info.plist;
				LD_RUNPATH_SEARCH_PATHS = (
					"$(inherited)",
					"@executable_path/Frameworks",
					"@loader_path/Frameworks",
				);
				PRODUCT_BUNDLE_IDENTIFIER = dongliang.newsUITests;
				PRODUCT_NAME = "$(TARGET_NAME)";
				SWIFT_VERSION = 4.0;
				TARGETED_DEVICE_FAMILY = "1,2";
				TEST_TARGET_NAME = news;
			};
			name = Debug;
		};
		84C397F02101873600BFB022 /* Release */ = {
			isa = XCBuildConfiguration;
			buildSettings = {
				ALWAYS_EMBED_SWIFT_STANDARD_LIBRARIES = YES;
				CODE_SIGN_STYLE = Automatic;
				DEVELOPMENT_TEAM = LM5Q92D783;
				INFOPLIST_FILE = newsUITests/Info.plist;
				LD_RUNPATH_SEARCH_PATHS = (
					"$(inherited)",
					"@executable_path/Frameworks",
					"@loader_path/Frameworks",
				);
				PRODUCT_BUNDLE_IDENTIFIER = dongliang.newsUITests;
				PRODUCT_NAME = "$(TARGET_NAME)";
				SWIFT_VERSION = 4.0;
				TARGETED_DEVICE_FAMILY = "1,2";
				TEST_TARGET_NAME = news;
			};
			name = Release;
		};
/* End XCBuildConfiguration section */

/* Begin XCConfigurationList section */
		84C397BB2101873500BFB022 /* Build configuration list for PBXProject "news" */ = {
			isa = XCConfigurationList;
			buildConfigurations = (
				84C397E62101873600BFB022 /* Debug */,
				84C397E72101873600BFB022 /* Release */,
			);
			defaultConfigurationIsVisible = 0;
			defaultConfigurationName = Release;
		};
		84C397E82101873600BFB022 /* Build configuration list for PBXNativeTarget "news" */ = {
			isa = XCConfigurationList;
			buildConfigurations = (
				84C397E92101873600BFB022 /* Debug */,
				84C397EA2101873600BFB022 /* Release */,
			);
			defaultConfigurationIsVisible = 0;
			defaultConfigurationName = Release;
		};
		84C397EB2101873600BFB022 /* Build configuration list for PBXNativeTarget "newsTests" */ = {
			isa = XCConfigurationList;
			buildConfigurations = (
				84C397EC2101873600BFB022 /* Debug */,
				84C397ED2101873600BFB022 /* Release */,
			);
			defaultConfigurationIsVisible = 0;
			defaultConfigurationName = Release;
		};
		84C397EE2101873600BFB022 /* Build configuration list for PBXNativeTarget "newsUITests" */ = {
			isa = XCConfigurationList;
			buildConfigurations = (
				84C397EF2101873600BFB022 /* Debug */,
				84C397F02101873600BFB022 /* Release */,
			);
			defaultConfigurationIsVisible = 0;
			defaultConfigurationName = Release;
		};
/* End XCConfigurationList section */
	};
	rootObject = 84C397B82101873500BFB022 /* Project object */;
}
